<?xml version="1.0" encoding="utf-8"?>
<Project ToolsVersion="4.0" xmlns="http://schemas.microsoft.com/developer/msbuild/2003">
  <ItemGroup>
    <Filter Include="소스 파일">
      <UniqueIdentifier>{4FC737F1-C7A5-4376-A066-2A32D752A2FF}</UniqueIdentifier>
      <Extensions>cpp;c;cc;cxx;def;odl;idl;hpj;bat;asm;asmx</Extensions>
    </Filter>
    <Filter Include="헤더 파일">
      <UniqueIdentifier>{93995380-89BD-4b04-88EB-625FBE52EBFB}</UniqueIdentifier>
      <Extensions>h;hh;hpp;hxx;hm;inl;inc;xsd</Extensions>
    </Filter>
    <Filter Include="리소스 파일">
      <UniqueIdentifier>{67DA6AB6-F800-4c08-8B7A-83BB121AAD01}</UniqueIdentifier>
      <Extensions>rc;ico;cur;bmp;dlg;rc2;rct;bin;rgs;gif;jpg;jpeg;jpe;resx;tiff;tif;png;wav;mfcribbon-ms</Extensions>
    </Filter>
    <Filter Include="헤더 파일\Util">
      <UniqueIdentifier>{1e6bb204-46ae-4a6d-a6db-7f5ad13cee6d}</UniqueIdentifier>
    </Filter>
    <Filter Include="Framework">
      <UniqueIdentifier>{3ff4a35c-1d4d-4e23-830d-f2cb8bf134d6}</UniqueIdentifier>
    </Filter>
    <Filter Include="Framework\LogSystem">
      <UniqueIdentifier>{34daed3b-cec4-465a-a585-11baa218a461}</UniqueIdentifier>
    </Filter>
    <Filter Include="미리 컴파일된 헤더">
      <UniqueIdentifier>{7629d12d-940e-4498-af7e-9585f2c24d20}</UniqueIdentifier>
    </Filter>
    <Filter Include="Scene">
      <UniqueIdentifier>{83d39f4d-ef48-46ae-823a-71473060000f}</UniqueIdentifier>
    </Filter>
    <Filter Include="Scene\Title">
      <UniqueIdentifier>{032cdc53-f11a-4365-a139-56656d7570e4}</UniqueIdentifier>
    </Filter>
  </ItemGroup>
  <ItemGroup>
    <ClInclude Include="DXMain.h">
      <Filter>헤더 파일</Filter>
    </ClInclude>
    <ClInclude Include="targetver.h">
      <Filter>헤더 파일</Filter>
    </ClInclude>
    <ClInclude Include="header\stringhash.h">
      <Filter>헤더 파일\Util</Filter>
    </ClInclude>
    <ClInclude Include="header\Vector2D.h">
      <Filter>헤더 파일\Util</Filter>
    </ClInclude>
    <ClInclude Include="header\WS_S_Conv.h">
      <Filter>헤더 파일\Util</Filter>
    </ClInclude>
    <ClInclude Include="header\D2D_Operator.h">
      <Filter>헤더 파일\Util</Filter>
    </ClInclude>
    <ClInclude Include="header\FixValue.h">
      <Filter>헤더 파일\Util</Filter>
    </ClInclude>
    <ClInclude Include="header\IO.h">
      <Filter>헤더 파일\Util</Filter>
    </ClInclude>
    <ClInclude Include="header\LoadD2DBitmap.h">
      <Filter>헤더 파일\Util</Filter>
    </ClInclude>
    <ClInclude Include="header\LusWrite.h">
      <Filter>헤더 파일\Util</Filter>
    </ClInclude>
    <ClInclude Include="header\MeasureFunctionTimeElapsed.h">
      <Filter>헤더 파일\Util</Filter>
    </ClInclude>
    <ClInclude Include="header\Picking.h">
      <Filter>헤더 파일\Util</Filter>
    </ClInclude>
    <ClInclude Include="header\scroll.h">
      <Filter>헤더 파일\Util</Filter>
    </ClInclude>
    <ClInclude Include="Framework\Framework.h">
      <Filter>Framework</Filter>
    </ClInclude>
    <ClInclude Include="Framework\LogSystem\LogSystem.h">
      <Filter>Framework\LogSystem</Filter>
    </ClInclude>
    <ClInclude Include="stdafx\stdafx.h">
      <Filter>미리 컴파일된 헤더</Filter>
    </ClInclude>
    <ClInclude Include="stdafx\SystemDefine.h">
      <Filter>미리 컴파일된 헤더</Filter>
    </ClInclude>
    <ClInclude Include="Scene\Scene.h">
      <Filter>Scene</Filter>
    </ClInclude>
    <ClInclude Include="Scene\Title\TitleScene.h">
      <Filter>Scene\Title</Filter>
    </ClInclude>
  </ItemGroup>
  <ItemGroup>
    <ClCompile Include="DXMain.cpp">
      <Filter>소스 파일</Filter>
    </ClCompile>
    <ClCompile Include="Framework\Framework.cpp">
      <Filter>Framework</Filter>
    </ClCompile>
    <ClCompile Include="Framework\LogSystem\LogSystem.cpp">
      <Filter>Framework\LogSystem</Filter>
    </ClCompile>
    <ClCompile Include="stdafx\stdafx.cpp">
      <Filter>미리 컴파일된 헤더</Filter>
    </ClCompile>
    <ClCompile Include="Scene\Scene.cpp">
      <Filter>Scene</Filter>
    </ClCompile>
    <ClCompile Include="Scene\Title\TitleScene.cpp">
      <Filter>Scene\Title</Filter>
    </ClCompile>
  </ItemGroup>
</Project>